{
    "_readme": [
        "This file locks the dependencies of your project to a known state",
        "Read more about it at https://getcomposer.org/doc/01-basic-usage.md#composer-lock-the-lock-file",
        "This file is @generated automatically"
    ],
    "content-hash": "07e98a994c9e67e70656e381af0cb091",
    "packages": [
        {
            "name": "jdorn/sql-formatter",
            "version": "v1.2.17",
            "source": {
                "type": "git",
                "url": "https://github.com/jdorn/sql-formatter.git",
                "reference": "64990d96e0959dff8e059dfcdc1af130728d92bc"
            },
            "dist": {
                "type": "zip",
                "url": "https://api.github.com/repos/jdorn/sql-formatter/zipball/64990d96e0959dff8e059dfcdc1af130728d92bc",
                "reference": "64990d96e0959dff8e059dfcdc1af130728d92bc",
                "shasum": ""
            },
            "require": {
                "php": ">=5.2.4"
            },
            "require-dev": {
                "phpunit/phpunit": "3.7.*"
            },
            "type": "library",
            "extra": {
                "branch-alias": {
                    "dev-master": "1.3.x-dev"
                }
            },
            "autoload": {
                "classmap": [
                    "lib"
                ]
            },
            "notification-url": "https://packagist.org/downloads/",
            "license": [
                "MIT"
            ],
            "authors": [
                {
                    "name": "Jeremy Dorn",
                    "email": "jeremy@jeremydorn.com",
                    "homepage": "http://jeremydorn.com/"
                }
            ],
            "description": "a PHP SQL highlighting library",
            "homepage": "https://github.com/jdorn/sql-formatter/",
            "keywords": [
                "highlight",
                "sql"
            ],
            "time": "2014-01-12T16:20:24+00:00"
        },
        {
            "name": "mobiledetect/mobiledetectlib",
            "version": "2.8.25",
            "source": {
                "type": "git",
                "url": "https://github.com/serbanghita/Mobile-Detect.git",
                "reference": "f0896b5c7274d1450023b0b376240be902c3251c"
            },
            "dist": {
                "type": "zip",
                "url": "https://api.github.com/repos/serbanghita/Mobile-Detect/zipball/f0896b5c7274d1450023b0b376240be902c3251c",
                "reference": "f0896b5c7274d1450023b0b376240be902c3251c",
                "shasum": ""
            },
            "require": {
                "php": ">=5.0.0"
            },
            "require-dev": {
                "phpunit/phpunit": "*"
            },
            "type": "library",
            "autoload": {
                "classmap": [
                    "Mobile_Detect.php"
                ],
                "psr-0": {
                    "Detection": "namespaced/"
                }
            },
            "notification-url": "https://packagist.org/downloads/",
            "license": [
                "MIT"
            ],
            "authors": [
                {
                    "name": "Serban Ghita",
                    "email": "serbanghita@gmail.com",
                    "homepage": "http://mobiledetect.net",
                    "role": "Developer"
                }
            ],
            "description": "Mobile_Detect is a lightweight PHP class for detecting mobile devices. It uses the User-Agent string combined with specific HTTP headers to detect the mobile environment.",
            "homepage": "https://github.com/serbanghita/Mobile-Detect",
            "keywords": [
                "detect mobile devices",
                "mobile",
                "mobile detect",
                "mobile detector",
                "php mobile detect"
            ],
            "time": "2017-03-29T13:59:30+00:00"
        },
        {
            "name": "phalcon-tools/debugger",
            "version": "1.0.3",
            "source": {
                "type": "git",
                "url": "https://github.com/andrefigueira/phalcon2-debug-widget.git",
                "reference": "d18db05b0778093efd8a46c708a090bc4a6acee7"
            },
            "dist": {
                "type": "zip",
                "url": "https://api.github.com/repos/andrefigueira/phalcon2-debug-widget/zipball/d18db05b0778093efd8a46c708a090bc4a6acee7",
                "reference": "d18db05b0778093efd8a46c708a090bc4a6acee7",
                "shasum": ""
            },
            "require": {
                "jdorn/sql-formatter": "*",
                "php": ">=5.5.0"
            },
            "type": "library",
            "autoload": {
                "psr-4": {
                    "Phalcon\\Debug\\": "src/Debug/"
                }
            },
            "notification-url": "https://packagist.org/downloads/",
            "license": [
                "MIT"
            ],
            "authors": [
                {
                    "name": "Andre Figueira",
                    "email": "andre.figueira@me.com"
                }
            ],
            "description": "Phalcon Debug toolbar",
            "time": "2015-09-14T18:57:37+00:00"
        },
        {
            "name": "phalcon/incubator",
            "version": "v3.2.2",
            "source": {
                "type": "git",
                "url": "https://github.com/phalcon/incubator.git",
                "reference": "52766a4334e5af8e022cb8b1fc0d85626d623cdd"
            },
            "dist": {
                "type": "zip",
                "url": "https://api.github.com/repos/phalcon/incubator/zipball/52766a4334e5af8e022cb8b1fc0d85626d623cdd",
                "reference": "52766a4334e5af8e022cb8b1fc0d85626d623cdd",
                "shasum": ""
            },
            "require": {
                "ext-phalcon": "^3.2",
                "php": ">=5.5",
                "swiftmailer/swiftmailer": "~5.2"
            },
            "require-dev": {
                "codeception/aerospike-module": "^1.0",
                "codeception/codeception": "^2.3",
                "codeception/mockery-module": "^0.2",
                "codeception/specify": "^0.4",
                "codeception/verify": "^0.3",
                "doctrine/instantiator": "1.0.5",
                "phalcon/dd": "^1.1",
                "phpdocumentor/reflection-docblock": "2.0.4",
                "phpunit/phpunit": "^4.8",
                "squizlabs/php_codesniffer": "^2.9",
                "vlucas/phpdotenv": "^2.4"
            },
            "suggest": {
                "duncan3dc/fork-helper": "To use extended class to access the beanstalk queue service",
                "ext-aerospike": "*",
                "phalcon/ide-stubs": "Phalcon IDE Stubs",
                "sergeyklay/aerospike-php-stubs": "The most complete Aerospike PHP stubs which allows autocomplete in modern IDEs"
            },
            "type": "library",
            "autoload": {
                "psr-4": {
                    "Phalcon\\": "Library/Phalcon/"
                }
            },
            "notification-url": "https://packagist.org/downloads/",
            "license": [
                "BSD-3-Clause"
            ],
            "authors": [
                {
                    "name": "Phalcon Team",
                    "email": "team@phalconphp.com",
                    "homepage": "https://phalconphp.com/en/team"
                },
                {
                    "name": "Contributors",
                    "homepage": "https://github.com/phalcon/incubator/graphs/contributors"
                }
            ],
            "description": "Adapters, prototypes or functionality that can be potentially incorporated to the C-framework.",
            "homepage": "https://phalconphp.com",
            "keywords": [
                "framework",
                "incubator",
                "phalcon"
            ],
            "time": "2017-07-31T22:43:50+00:00"
        },
        {
            "name": "swiftmailer/swiftmailer",
            "version": "v5.4.8",
            "source": {
                "type": "git",
                "url": "https://github.com/swiftmailer/swiftmailer.git",
                "reference": "9a06dc570a0367850280eefd3f1dc2da45aef517"
            },
            "dist": {
                "type": "zip",
                "url": "https://api.github.com/repos/swiftmailer/swiftmailer/zipball/9a06dc570a0367850280eefd3f1dc2da45aef517",
                "reference": "9a06dc570a0367850280eefd3f1dc2da45aef517",
                "shasum": ""
            },
            "require": {
                "php": ">=5.3.3"
            },
            "require-dev": {
                "mockery/mockery": "~0.9.1",
                "symfony/phpunit-bridge": "~3.2"
            },
            "type": "library",
            "extra": {
                "branch-alias": {
                    "dev-master": "5.4-dev"
                }
            },
            "autoload": {
                "files": [
                    "lib/swift_required.php"
                ]
            },
            "notification-url": "https://packagist.org/downloads/",
            "license": [
                "MIT"
            ],
            "authors": [
                {
                    "name": "Chris Corbyn"
                },
                {
                    "name": "Fabien Potencier",
                    "email": "fabien@symfony.com"
                }
            ],
            "description": "Swiftmailer, free feature-rich PHP mailer",
            "homepage": "http://swiftmailer.org",
            "keywords": [
                "email",
                "mail",
                "mailer"
            ],
            "time": "2017-05-01T15:54:03+00:00"
        }
    ],
    "packages-dev": [],
    "aliases": [],
    "minimum-stability": "stable",
    "stability-flags": [],
    "prefer-stable": false,
    "prefer-lowest": false,
    "platform": [],
    "platform-dev": []
}
